
Microsoft Visual Studio Solution File, Format Version 12.00
# Visual Studio 15
VisualStudioVersion = 15.0.27703.2042
MinimumVisualStudioVersion = 10.0.40219.1
Project("{FAE04EC0-301F-11D3-BF4B-00C04F79EFBC}") = "Lab1PlaceGroup", "Lab1PlaceGroup\Lab1PlaceGroup.csproj", "{C55ACC58-CCEF-4208-841D-0CFD26651A9C}"
EndProject
Global
	GlobalSection(SolutionConfigurationPlatforms) = preSolution
		Debug|Any CPU = Debug|Any CPU
		Release|Any CPU = Release|Any CPU
	EndGlobalSection
	GlobalSection(ProjectConfigurationPlatforms) = postSolution
		{C55ACC58-CCEF-4208-841D-0CFD26651A9C}.Debug|Any CPU.ActiveCfg = Debug|Any CPU
		{C55ACC58-CCEF-4208-841D-0CFD26651A9C}.Debug|Any CPU.Build.0 = Debug|Any CPU
		{C55ACC58-CCEF-4208-841D-0CFD26651A9C}.Release|Any CPU.ActiveCfg = Release|Any CPU
		{C55ACC58-CCEF-4208-841D-0CFD26651A9C}.Release|Any CPU.Build.0 = Release|Any CPU
	EndGlobalSection
	GlobalSection(SolutionProperties) = preSolution
		HideSolutionNode = FALSE
	EndGlobalSection
	GlobalSection(ExtensibilityGlobals) = postSolution
		SolutionGuid = {DC9F9C16-8DA6-4A1B-93DE-632C359FDFEA}
	EndGlobalSection
EndGlobal
